// !$*UTF8*$!
{
	archiveVersion = 1;
	classes = {
	};
	objectVersion = 55;
	objects = {

/* Begin PBXBuildFile section */
		A1D245CC2892A45800F7F814 /* AppDelegate.swift in Sources */ = {isa = PBXBuildFile; fileRef = A1D245CB2892A45800F7F814 /* AppDelegate.swift */; };
		A1D245CE2892A45800F7F814 /* SceneDelegate.swift in Sources */ = {isa = PBXBuildFile; fileRef = A1D245CD2892A45800F7F814 /* SceneDelegate.swift */; };
		A1D245D02892A45800F7F814 /* ViewController.swift in Sources */ = {isa = PBXBuildFile; fileRef = A1D245CF2892A45800F7F814 /* ViewController.swift */; };
		A1D245D32892A45800F7F814 /* Main.storyboard in Resources */ = {isa = PBXBuildFile; fileRef = A1D245D12892A45800F7F814 /* Main.storyboard */; };
		A1D245D52892A45900F7F814 /* Assets.xcassets in Resources */ = {isa = PBXBuildFile; fileRef = A1D245D42892A45900F7F814 /* Assets.xcassets */; };
		A1D245D82892A45900F7F814 /* LaunchScreen.storyboard in Resources */ = {isa = PBXBuildFile; fileRef = A1D245D62892A45900F7F814 /* LaunchScreen.storyboard */; };
		A1D245E22892A54400F7F814 /* NavigationBaseController.swift in Sources */ = {isa = PBXBuildFile; fileRef = A1D245E12892A54400F7F814 /* NavigationBaseController.swift */; };
		A1D245E42892A62300F7F814 /* CustomTabBarView.swift in Sources */ = {isa = PBXBuildFile; fileRef = A1D245E32892A62300F7F814 /* CustomTabBarView.swift */; };
/* End PBXBuildFile section */

/* Begin PBXFileReference section */
		A1D245C82892A45800F7F814 /* CustomTabBar.app */ = {isa = PBXFileReference; explicitFileType = wrapper.application; includeInIndex = 0; path = CustomTabBar.app; sourceTree = BUILT_PRODUCTS_DIR; };
		A1D245CB2892A45800F7F814 /* AppDelegate.swift */ = {isa = PBXFileReference; lastKnownFileType = sourcecode.swift; path = AppDelegate.swift; sourceTree = "<group>"; };
		A1D245CD2892A45800F7F814 /* SceneDelegate.swift */ = {isa = PBXFileReference; lastKnownFileType = sourcecode.swift; path = SceneDelegate.swift; sourceTree = "<group>"; };
		A1D245CF2892A45800F7F814 /* ViewController.swift */ = {isa = PBXFileReference; lastKnownFileType = sourcecode.swift; path = ViewController.swift; sourceTree = "<group>"; };
		A1D245D22892A45800F7F814 /* Base */ = {isa = PBXFileReference; lastKnownFileType = file.storyboard; name = Base; path = Base.lproj/Main.storyboard; sourceTree = "<group>"; };
		A1D245D42892A45900F7F814 /* Assets.xcassets */ = {isa = PBXFileReference; lastKnownFileType = folder.assetcatalog; path = Assets.xcassets; sourceTree = "<group>"; };
		A1D245D72892A45900F7F814 /* Base */ = {isa = PBXFileReference; lastKnownFileType = file.storyboard; name = Base; path = Base.lproj/LaunchScreen.storyboard; sourceTree = "<group>"; };
		A1D245D92892A45900F7F814 /* Info.plist */ = {isa = PBXFileReference; lastKnownFileType = text.plist.xml; path = Info.plist; sourceTree = "<group>"; };
		A1D245E12892A54400F7F814 /* NavigationBaseController.swift */ = {isa = PBXFileReference; lastKnownFileType = sourcecode.swift; path = NavigationBaseController.swift; sourceTree = "<group>"; };
		A1D245E32892A62300F7F814 /* CustomTabBarView.swift */ = {isa = PBXFileReference; lastKnownFileType = sourcecode.swift; path = CustomTabBarView.swift; sourceTree = "<group>"; };
/* End PBXFileReference section */

/* Begin PBXFrameworksBuildPhase section */
		A1D245C52892A45800F7F814 /* Frameworks */ = {
			isa = PBXFrameworksBuildPhase;
			buildActionMask = 2147483647;
			files = (
			);
			runOnlyForDeploymentPostprocessing = 0;
		};
/* End PBXFrameworksBuildPhase section */

/* Begin PBXGroup section */
		A1D245BF2892A45800F7F814 = {
			isa = PBXGroup;
			children = (
				A1D245CA2892A45800F7F814 /* CustomTabBar */,
				A1D245C92892A45800F7F814 /* Products */,
			);
			sourceTree = "<group>";
		};
		A1D245C92892A45800F7F814 /* Products */ = {
			isa = PBXGroup;
			children = (
				A1D245C82892A45800F7F814 /* CustomTabBar.app */,
			);
			name = Products;
			sourceTree = "<group>";
		};
		A1D245CA2892A45800F7F814 /* CustomTabBar */ = {
			isa = PBXGroup;
			children = (
				A1D245E72892CCD600F7F814 /* AppDelegates */,
				A1D245E82892CCE300F7F814 /* ViewControllers */,
				A1D245E92892CD0200F7F814 /* CustomTabBar */,
				A1D245D12892A45800F7F814 /* Main.storyboard */,
				A1D245D42892A45900F7F814 /* Assets.xcassets */,
				A1D245D62892A45900F7F814 /* LaunchScreen.storyboard */,
				A1D245D92892A45900F7F814 /* Info.plist */,
			);
			path = CustomTabBar;
			sourceTree = "<group>";
		};
		A1D245E72892CCD600F7F814 /* AppDelegates */ = {
			isa = PBXGroup;
			children = (
				A1D245CB2892A45800F7F814 /* AppDelegate.swift */,
				A1D245CD2892A45800F7F814 /* SceneDelegate.swift */,
			);
			path = AppDelegates;
			sourceTree = "<group>";
		};
		A1D245E82892CCE300F7F814 /* ViewControllers */ = {
			isa = PBXGroup;
			children = (
				A1D245CF2892A45800F7F814 /* ViewController.swift */,
			);
			path = ViewControllers;
			sourceTree = "<group>";
		};
		A1D245E92892CD0200F7F814 /* CustomTabBar */ = {
			isa = PBXGroup;
			children = (
				A1D245E12892A54400F7F814 /* NavigationBaseController.swift */,
				A1D245E32892A62300F7F814 /* CustomTabBarView.swift */,
			);
			path = CustomTabBar;
			sourceTree = "<group>";
		};
/* End PBXGroup section */

/* Begin PBXNativeTarget section */
		A1D245C72892A45800F7F814 /* CustomTabBar */ = {
			isa = PBXNativeTarget;
			buildConfigurationList = A1D245DC2892A45900F7F814 /* Build configuration list for PBXNativeTarget "CustomTabBar" */;
			buildPhases = (
				A1D245C42892A45800F7F814 /* Sources */,
				A1D245C52892A45800F7F814 /* Frameworks */,
				A1D245C62892A45800F7F814 /* Resources */,
			);
			buildRules = (
			);
			dependencies = (
			);
			name = CustomTabBar;
			productName = CustomTabBar;
			productReference = A1D245C82892A45800F7F814 /* CustomTabBar.app */;
			productType = "com.apple.product-type.application";
		};
/* End PBXNativeTarget section */

/* Begin PBXProject section */
		A1D245C02892A45800F7F814 /* Project object */ = {
			isa = PBXProject;
			attributes = {
				BuildIndependentTargetsInParallel = 1;
				LastSwiftUpdateCheck = 1310;
				LastUpgradeCheck = 1310;
				TargetAttributes = {
					A1D245C72892A45800F7F814 = {
						CreatedOnToolsVersion = 13.1;
					};
				};
			};
			buildConfigurationList = A1D245C32892A45800F7F814 /* Build configuration list for PBXProject "CustomTabBar" */;
			compatibilityVersion = "Xcode 13.0";
			developmentRegion = en;
			hasScannedForEncodings = 0;
			knownRegions = (
				en,
				Base,
			);
			mainGroup = A1D245BF2892A45800F7F814;
			productRefGroup = A1D245C92892A45800F7F814 /* Products */;
			projectDirPath = "";
			projectRoot = "";
			targets = (
				A1D245C72892A45800F7F814 /* CustomTabBar */,
			);
		};
/* End PBXProject section */

/* Begin PBXResourcesBuildPhase section */
		A1D245C62892A45800F7F814 /* Resources */ = {
			isa = PBXResourcesBuildPhase;
			buildActionMask = 2147483647;
			files = (
				A1D245D82892A45900F7F814 /* LaunchScreen.storyboard in Resources */,
				A1D245D52892A45900F7F814 /* Assets.xcassets in Resources */,
				A1D245D32892A45800F7F814 /* Main.storyboard in Resources */,
			);
			runOnlyForDeploymentPostprocessing = 0;
		};
/* End PBXResourcesBuildPhase section */

/* Begin PBXSourcesBuildPhase section */
		A1D245C42892A45800F7F814 /* Sources */ = {
			isa = PBXSourcesBuildPhase;
			buildActionMask = 2147483647;
			files = (
				A1D245E22892A54400F7F814 /* NavigationBaseController.swift in Sources */,
				A1D245D02892A45800F7F814 /* ViewController.swift in Sources */,
				A1D245E42892A62300F7F814 /* CustomTabBarView.swift in Sources */,
				A1D245CC2892A45800F7F814 /* AppDelegate.swift in Sources */,
				A1D245CE2892A45800F7F814 /* SceneDelegate.swift in Sources */,
			);
			runOnlyForDeploymentPostprocessing = 0;
		};
/* End PBXSourcesBuildPhase section */

/* Begin PBXVariantGroup section */
		A1D245D12892A45800F7F814 /* Main.storyboard */ = {
			isa = PBXVariantGroup;
			children = (
				A1D245D22892A45800F7F814 /* Base */,
			);
			name = Main.storyboard;
			sourceTree = "<group>";
		};
		A1D245D62892A45900F7F814 /* LaunchScreen.storyboard */ = {
			isa = PBXVariantGroup;
			children = (
				A1D245D72892A45900F7F814 /* Base */,
			);
			name = LaunchScreen.storyboard;
			sourceTree = "<group>";
		};
/* End PBXVariantGroup section */

/* Begin XCBuildConfiguration section */
		A1D245DA2892A45900F7F814 /* Debug */ = {
			isa = XCBuildConfiguration;
			buildSettings = {
				ALWAYS_SEARCH_USER_PATHS = NO;
				CLANG_ANALYZER_NONNULL = YES;
				CLANG_ANALYZER_NUMBER_OBJECT_CONVERSION = YES_AGGRESSIVE;
				CLANG_CXX_LANGUAGE_STANDARD = "gnu++17";
				CLANG_CXX_LIBRARY = "libc++";
				CLANG_ENABLE_MODULES = YES;
				CLANG_ENABLE_OBJC_ARC = YES;
				CLANG_ENABLE_OBJC_WEAK = YES;
				CLANG_WARN_BLOCK_CAPTURE_AUTORELEASING = YES;
				CLANG_WARN_BOOL_CONVERSION = YES;
				CLANG_WARN_COMMA = YES;
				CLANG_WARN_CONSTANT_CONVERSION = YES;
				CLANG_WARN_DEPRECATED_OBJC_IMPLEMENTATIONS = YES;
				CLANG_WARN_DIRECT_OBJC_ISA_USAGE = YES_ERROR;
				CLANG_WARN_DOCUMENTATION_COMMENTS = YES;
				CLANG_WARN_EMPTY_BODY = YES;
				CLANG_WARN_ENUM_CONVERSION = YES;
				CLANG_WARN_INFINITE_RECURSION = YES;
				CLANG_WARN_INT_CONVERSION = YES;
				CLANG_WARN_NON_LITERAL_NULL_CONVERSION = YES;
				CLANG_WARN_OBJC_IMPLICIT_RETAIN_SELF = YES;
				CLANG_WARN_OBJC_LITERAL_CONVERSION = YES;
				CLANG_WARN_OBJC_ROOT_CLASS = YES_ERROR;
				CLANG_WARN_QUOTED_INCLUDE_IN_FRAMEWORK_HEADER = YES;
				CLANG_WARN_RANGE_LOOP_ANALYSIS = YES;
				CLANG_WARN_STRICT_PROTOTYPES = YES;
				CLANG_WARN_SUSPICIOUS_MOVE = YES;
				CLANG_WARN_UNGUARDED_AVAILABILITY = YES_AGGRESSIVE;
				CLANG_WARN_UNREACHABLE_CODE = YES;
				CLANG_WARN__DUPLICATE_METHOD_MATCH = YES;
				COPY_PHASE_STRIP = NO;
				DEBUG_INFORMATION_FORMAT = dwarf;
				ENABLE_STRICT_OBJC_MSGSEND = YES;
				ENABLE_TESTABILITY = YES;
				GCC_C_LANGUAGE_STANDARD = gnu11;
				GCC_DYNAMIC_NO_PIC = NO;
				GCC_NO_COMMON_BLOCKS = YES;
				GCC_OPTIMIZATION_LEVEL = 0;
				GCC_PREPROCESSOR_DEFINITIONS = (
					"DEBUG=1",
					"$(inherited)",
				);
				GCC_WARN_64_TO_32_BIT_CONVERSION = YES;
				GCC_WARN_ABOUT_RETURN_TYPE = YES_ERROR;
				GCC_WARN_UNDECLARED_SELECTOR = YES;
				GCC_WARN_UNINITIALIZED_AUTOS = YES_AGGRESSIVE;
				GCC_WARN_UNUSED_FUNCTION = YES;
				GCC_WARN_UNUSED_VARIABLE = YES;
				IPHONEOS_DEPLOYMENT_TARGET = 15.0;
				MTL_ENABLE_DEBUG_INFO = INCLUDE_SOURCE;
				MTL_FAST_MATH = YES;
				ONLY_ACTIVE_ARCH = YES;
				SDKROOT = iphoneos;
				SWIFT_ACTIVE_COMPILATION_CONDITIONS = DEBUG;
				SWIFT_OPTIMIZATION_LEVEL = "-Onone";
			};
			name = Debug;
		};
		A1D245DB2892A45900F7F814 /* Release */ = {
			isa = XCBuildConfiguration;
			buildSettings = {
				ALWAYS_SEARCH_USER_PATHS = NO;
				CLANG_ANALYZER_NONNULL = YES;
				CLANG_ANALYZER_NUMBER_OBJECT_CONVERSION = YES_AGGRESSIVE;
				CLANG_CXX_LANGUAGE_STANDARD = "gnu++17";
				CLANG_CXX_LIBRARY = "libc++";
				CLANG_ENABLE_MODULES = YES;
				CLANG_ENABLE_OBJC_ARC = YES;
				CLANG_ENABLE_OBJC_WEAK = YES;
				CLANG_WARN_BLOCK_CAPTURE_AUTORELEASING = YES;
				CLANG_WARN_BOOL_CONVERSION = YES;
				CLANG_WARN_COMMA = YES;
				CLANG_WARN_CONSTANT_CONVERSION = YES;
				CLANG_WARN_DEPRECATED_OBJC_IMPLEMENTATIONS = YES;
				CLANG_WARN_DIRECT_OBJC_ISA_USAGE = YES_ERROR;
				CLANG_WARN_DOCUMENTATION_COMMENTS = YES;
				CLANG_WARN_EMPTY_BODY = YES;
				CLANG_WARN_ENUM_CONVERSION = YES;
				CLANG_WARN_INFINITE_RECURSION = YES;
				CLANG_WARN_INT_CONVERSION = YES;
				CLANG_WARN_NON_LITERAL_NULL_CONVERSION = YES;
				CLANG_WARN_OBJC_IMPLICIT_RETAIN_SELF = YES;
				CLANG_WARN_OBJC_LITERAL_CONVERSION = YES;
				CLANG_WARN_OBJC_ROOT_CLASS = YES_ERROR;
				CLANG_WARN_QUOTED_INCLUDE_IN_FRAMEWORK_HEADER = YES;
				CLANG_WARN_RANGE_LOOP_ANALYSIS = YES;
				CLANG_WARN_STRICT_PROTOTYPES = YES;
				CLANG_WARN_SUSPICIOUS_MOVE = YES;
				CLANG_WARN_UNGUARDED_AVAILABILITY = YES_AGGRESSIVE;
				CLANG_WARN_UNREACHABLE_CODE = YES;
				CLANG_WARN__DUPLICATE_METHOD_MATCH = YES;
				COPY_PHASE_STRIP = NO;
				DEBUG_INFORMATION_FORMAT = "dwarf-with-dsym";
				ENABLE_NS_ASSERTIONS = NO;
				ENABLE_STRICT_OBJC_MSGSEND = YES;
				GCC_C_LANGUAGE_STANDARD = gnu11;
				GCC_NO_COMMON_BLOCKS = YES;
				GCC_WARN_64_TO_32_BIT_CONVERSION = YES;
				GCC_WARN_ABOUT_RETURN_TYPE = YES_ERROR;
				GCC_WARN_UNDECLARED_SELECTOR = YES;
				GCC_WARN_UNINITIALIZED_AUTOS = YES_AGGRESSIVE;
				GCC_WARN_UNUSED_FUNCTION = YES;
				GCC_WARN_UNUSED_VARIABLE = YES;
				IPHONEOS_DEPLOYMENT_TARGET = 15.0;
				MTL_ENABLE_DEBUG_INFO = NO;
				MTL_FAST_MATH = YES;
				SDKROOT = iphoneos;
				SWIFT_COMPILATION_MODE = wholemodule;
				SWIFT_OPTIMIZATION_LEVEL = "-O";
				VALIDATE_PRODUCT = YES;
			};
			name = Release;
		};
		A1D245DD2892A45900F7F814 /* Debug */ = {
			isa = XCBuildConfiguration;
			buildSettings = {
				ASSETCATALOG_COMPILER_APPICON_NAME = AppIcon;
				ASSETCATALOG_COMPILER_GLOBAL_ACCENT_COLOR_NAME = AccentColor;
				CODE_SIGN_STYLE = Automatic;
				CURRENT_PROJECT_VERSION = 1;
				DEVELOPMENT_TEAM = UG58S4Y2MQ;
				GENERATE_INFOPLIST_FILE = YES;
				INFOPLIST_FILE = CustomTabBar/Info.plist;
				INFOPLIST_KEY_UIApplicationSupportsIndirectInputEvents = YES;
				INFOPLIST_KEY_UILaunchStoryboardName = LaunchScreen;
				INFOPLIST_KEY_UIMainStoryboardFile = Main;
				INFOPLIST_KEY_UISupportedInterfaceOrientations_iPad = "UIInterfaceOrientationPortrait UIInterfaceOrientationPortraitUpsideDown UIInterfaceOrientationLandscapeLeft UIInterfaceOrientationLandscapeRight";
				INFOPLIST_KEY_UISupportedInterfaceOrientations_iPhone = "UIInterfaceOrientationPortrait UIInterfaceOrientationLandscapeLeft UIInterfaceOrientationLandscapeRight";
				LD_RUNPATH_SEARCH_PATHS = (
					"$(inherited)",
					"@executable_path/Frameworks",
				);
				MARKETING_VERSION = 1.0;
				PRODUCT_BUNDLE_IDENTIFIER = com.BravosDev.CustomTabBar;
				PRODUCT_NAME = "$(TARGET_NAME)";
				SWIFT_EMIT_LOC_STRINGS = YES;
				SWIFT_VERSION = 5.0;
				TARGETED_DEVICE_FAMILY = "1,2";
			};
			name = Debug;
		};
		A1D245DE2892A45900F7F814 /* Release */ = {
			isa = XCBuildConfiguration;
			buildSettings = {
				ASSETCATALOG_COMPILER_APPICON_NAME = AppIcon;
				ASSETCATALOG_COMPILER_GLOBAL_ACCENT_COLOR_NAME = AccentColor;
				CODE_SIGN_STYLE = Automatic;
				CURRENT_PROJECT_VERSION = 1;
				DEVELOPMENT_TEAM = UG58S4Y2MQ;
				GENERATE_INFOPLIST_FILE = YES;
				INFOPLIST_FILE = CustomTabBar/Info.plist;
				INFOPLIST_KEY_UIApplicationSupportsIndirectInputEvents = YES;
				INFOPLIST_KEY_UILaunchStoryboardName = LaunchScreen;
				INFOPLIST_KEY_UIMainStoryboardFile = Main;
				INFOPLIST_KEY_UISupportedInterfaceOrientations_iPad = "UIInterfaceOrientationPortrait UIInterfaceOrientationPortraitUpsideDown UIInterfaceOrientationLandscapeLeft UIInterfaceOrientationLandscapeRight";
				INFOPLIST_KEY_UISupportedInterfaceOrientations_iPhone = "UIInterfaceOrientationPortrait UIInterfaceOrientationLandscapeLeft UIInterfaceOrientationLandscapeRight";
				LD_RUNPATH_SEARCH_PATHS = (
					"$(inherited)",
					"@executable_path/Frameworks",
				);
				MARKETING_VERSION = 1.0;
				PRODUCT_BUNDLE_IDENTIFIER = com.BravosDev.CustomTabBar;
				PRODUCT_NAME = "$(TARGET_NAME)";
				SWIFT_EMIT_LOC_STRINGS = YES;
				SWIFT_VERSION = 5.0;
				TARGETED_DEVICE_FAMILY = "1,2";
			};
			name = Release;
		};
/* End XCBuildConfiguration section */

/* Begin XCConfigurationList section */
		A1D245C32892A45800F7F814 /* Build configuration list for PBXProject "CustomTabBar" */ = {
			isa = XCConfigurationList;
			buildConfigurations = (
				A1D245DA2892A45900F7F814 /* Debug */,
				A1D245DB2892A45900F7F814 /* Release */,
			);
			defaultConfigurationIsVisible = 0;
			defaultConfigurationName = Release;
		};
		A1D245DC2892A45900F7F814 /* Build configuration list for PBXNativeTarget "CustomTabBar" */ = {
			isa = XCConfigurationList;
			buildConfigurations = (
				A1D245DD2892A45900F7F814 /* Debug */,
				A1D245DE2892A45900F7F814 /* Release */,
			);
			defaultConfigurationIsVisible = 0;
			defaultConfigurationName = Release;
		};
/* End XCConfigurationList section */
	};
	rootObject = A1D245C02892A45800F7F814 /* Project object */;
}
